
Microsoft Visual Studio Solution File, Format Version 12.00
# Visual Studio Version 16
VisualStudioVersion = 16.0.31313.79
MinimumVisualStudioVersion = 10.0.40219.1
Project("{9A19103F-16F7-4668-BE54-9A1E7A4F7556}") = "GrossumRed", "GrossumRed\GrossumRed.csproj", "{C8640663-ECE1-4641-BEA3-E683AD777FAA}"
EndProject
Project("{9A19103F-16F7-4668-BE54-9A1E7A4F7556}") = "GrossumRedTest", "GrossumRedTest\GrossumRedTest.csproj", "{F8F8CEDC-09EB-47F0-9482-C429F072EAF4}"
EndProject
Global
	GlobalSection(SolutionConfigurationPlatforms) = preSolution
		Debug|Any CPU = Debug|Any CPU
		Debug|x64 = Debug|x64
		Debug|x86 = Debug|x86
		Release|Any CPU = Release|Any CPU
		Release|x64 = Release|x64
		Release|x86 = Release|x86
	EndGlobalSection
	GlobalSection(ProjectConfigurationPlatforms) = postSolution
		{C8640663-ECE1-4641-BEA3-E683AD777FAA}.Debug|Any CPU.ActiveCfg = Debug|Any CPU
		{C8640663-ECE1-4641-BEA3-E683AD777FAA}.Debug|Any CPU.Build.0 = Debug|Any CPU
		{C8640663-ECE1-4641-BEA3-E683AD777FAA}.Debug|x64.ActiveCfg = Debug|Any CPU
		{C8640663-ECE1-4641-BEA3-E683AD777FAA}.Debug|x64.Build.0 = Debug|Any CPU
		{C8640663-ECE1-4641-BEA3-E683AD777FAA}.Debug|x86.ActiveCfg = Debug|Any CPU
		{C8640663-ECE1-4641-BEA3-E683AD777FAA}.Debug|x86.Build.0 = Debug|Any CPU
		{C8640663-ECE1-4641-BEA3-E683AD777FAA}.Release|Any CPU.ActiveCfg = Release|Any CPU
		{C8640663-ECE1-4641-BEA3-E683AD777FAA}.Release|Any CPU.Build.0 = Release|Any CPU
		{C8640663-ECE1-4641-BEA3-E683AD777FAA}.Release|x64.ActiveCfg = Release|Any CPU
		{C8640663-ECE1-4641-BEA3-E683AD777FAA}.Release|x64.Build.0 = Release|Any CPU
		{C8640663-ECE1-4641-BEA3-E683AD777FAA}.Release|x86.ActiveCfg = Release|Any CPU
		{C8640663-ECE1-4641-BEA3-E683AD777FAA}.Release|x86.Build.0 = Release|Any CPU
		{F8F8CEDC-09EB-47F0-9482-C429F072EAF4}.Debug|Any CPU.ActiveCfg = Debug|Any CPU
		{F8F8CEDC-09EB-47F0-9482-C429F072EAF4}.Debug|Any CPU.Build.0 = Debug|Any CPU
		{F8F8CEDC-09EB-47F0-9482-C429F072EAF4}.Debug|x64.ActiveCfg = Debug|Any CPU
		{F8F8CEDC-09EB-47F0-9482-C429F072EAF4}.Debug|x64.Build.0 = Debug|Any CPU
		{F8F8CEDC-09EB-47F0-9482-C429F072EAF4}.Debug|x86.ActiveCfg = Debug|Any CPU
		{F8F8CEDC-09EB-47F0-9482-C429F072EAF4}.Debug|x86.Build.0 = Debug|Any CPU
		{F8F8CEDC-09EB-47F0-9482-C429F072EAF4}.Release|Any CPU.ActiveCfg = Release|Any CPU
		{F8F8CEDC-09EB-47F0-9482-C429F072EAF4}.Release|Any CPU.Build.0 = Release|Any CPU
		{F8F8CEDC-09EB-47F0-9482-C429F072EAF4}.Release|x64.ActiveCfg = Release|Any CPU
		{F8F8CEDC-09EB-47F0-9482-C429F072EAF4}.Release|x64.Build.0 = Release|Any CPU
		{F8F8CEDC-09EB-47F0-9482-C429F072EAF4}.Release|x86.ActiveCfg = Release|Any CPU
		{F8F8CEDC-09EB-47F0-9482-C429F072EAF4}.Release|x86.Build.0 = Release|Any CPU
	EndGlobalSection
	GlobalSection(SolutionProperties) = preSolution
		HideSolutionNode = FALSE
	EndGlobalSection
	GlobalSection(ExtensibilityGlobals) = postSolution
		SolutionGuid = {FD372B11-C402-445F-A376-AF9B54AD1DD3}
	EndGlobalSection
EndGlobal
